<?xml version="1.0" encoding="UTF-8" standalone="yes" ?>
<CodeBlocks_project_file>
	<FileVersion major="1" minor="6" />
	<Project>
		<Option title="GWEN-Static" />
		<Option pch_mode="2" />
		<Option compiler="gcc" />
		<Build>
			<Target title="Debug Win32">
				<Option output="GWEN-Static" prefix_auto="1" extension_auto="1" />
				<Option working_dir="" />
				<Option type="2" />
				<Option compiler="gcc" />
				<Option createDefFile="1" />
				<Compiler>
					<Add option="-D_DEBUG" />
					<Add option="-D_CRT_SECURE_NO_WARNINGS" />
					<Add option="-DGWEN_COMPILE_STATIC" />
					<Add directory="../../../include" />
				</Compiler>
			</Target>
			<Target title="Release Win32">
				<Option output="GWEN-Static" prefix_auto="1" extension_auto="1" />
				<Option working_dir="" />
				<Option type="2" />
				<Option compiler="gcc" />
				<Option createDefFile="1" />
				<Compiler>
					<Add option="-DNDEBUG" />
					<Add option="-D_CRT_SECURE_NO_WARNINGS" />
					<Add option="-DGWEN_COMPILE_STATIC" />
					<Add directory="../../../include" />
				</Compiler>
			</Target>
		</Build>
		<Unit filename="../../../include/Gwen/Align.h" />
		<Unit filename="../../../include/Gwen/Anim.h" />
		<Unit filename="../../../include/Gwen/BaseRender.h" />
		<Unit filename="../../../include/Gwen/Config.h" />
		<Unit filename="../../../include/Gwen/ControlList.h" />
		<Unit filename="../../../include/Gwen/Controls.h" />
		<Unit filename="../../../include/Gwen/Controls/Base.h" />
		<Unit filename="../../../include/Gwen/Controls/Button.h" />
		<Unit filename="../../../include/Gwen/Controls/Canvas.h" />
		<Unit filename="../../../include/Gwen/Controls/CheckBox.h" />
		<Unit filename="../../../include/Gwen/Controls/CollapsibleCategory.h" />
		<Unit filename="../../../include/Gwen/Controls/CollapsibleList.h" />
		<Unit filename="../../../include/Gwen/Controls/ColorControls.h" />
		<Unit filename="../../../include/Gwen/Controls/ColorPicker.h" />
		<Unit filename="../../../include/Gwen/Controls/ComboBox.h" />
		<Unit filename="../../../include/Gwen/Controls/CrossSplitter.h" />
		<Unit filename="../../../include/Gwen/Controls/Dialogs/FileOpen.h" />
		<Unit filename="../../../include/Gwen/Controls/Dialogs/FileSave.h" />
		<Unit filename="../../../include/Gwen/Controls/Dialogs/FolderOpen.h" />
		<Unit filename="../../../include/Gwen/Controls/Dialogs/Query.h" />
		<Unit filename="../../../include/Gwen/Controls/DockBase.h" />
		<Unit filename="../../../include/Gwen/Controls/DockedTabControl.h" />
		<Unit filename="../../../include/Gwen/Controls/Dragger.h" />
		<Unit filename="../../../include/Gwen/Controls/FieldLabel.h" />
		<Unit filename="../../../include/Gwen/Controls/FilePicker.h" />
		<Unit filename="../../../include/Gwen/Controls/FolderPicker.h" />
		<Unit filename="../../../include/Gwen/Controls/GroupBox.h" />
		<Unit filename="../../../include/Gwen/Controls/HSVColorPicker.h" />
		<Unit filename="../../../include/Gwen/Controls/Highlight.h" />
		<Unit filename="../../../include/Gwen/Controls/HorizontalScrollBar.h" />
		<Unit filename="../../../include/Gwen/Controls/HorizontalSlider.h" />
		<Unit filename="../../../include/Gwen/Controls/ImagePanel.h" />
		<Unit filename="../../../include/Gwen/Controls/Label.h" />
		<Unit filename="../../../include/Gwen/Controls/LabelClickable.h" />
		<Unit filename="../../../include/Gwen/Controls/Layout/Position.h" />
		<Unit filename="../../../include/Gwen/Controls/Layout/Table.h" />
		<Unit filename="../../../include/Gwen/Controls/Layout/Tile.h" />
		<Unit filename="../../../include/Gwen/Controls/ListBox.h" />
		<Unit filename="../../../include/Gwen/Controls/Menu.h" />
		<Unit filename="../../../include/Gwen/Controls/MenuItem.h" />
		<Unit filename="../../../include/Gwen/Controls/MenuStrip.h" />
		<Unit filename="../../../include/Gwen/Controls/Modal.h" />
		<Unit filename="../../../include/Gwen/Controls/NumericUpDown.h" />
		<Unit filename="../../../include/Gwen/Controls/PageControl.h" />
		<Unit filename="../../../include/Gwen/Controls/ProgressBar.h" />
		<Unit filename="../../../include/Gwen/Controls/Properties.h" />
		<Unit filename="../../../include/Gwen/Controls/PropertyTree.h" />
		<Unit filename="../../../include/Gwen/Controls/Property/BaseProperty.h" />
		<Unit filename="../../../include/Gwen/Controls/Property/Checkbox.h" />
		<Unit filename="../../../include/Gwen/Controls/Property/ColorSelector.h" />
		<Unit filename="../../../include/Gwen/Controls/Property/ComboBox.h" />
		<Unit filename="../../../include/Gwen/Controls/Property/File.h" />
		<Unit filename="../../../include/Gwen/Controls/Property/Folder.h" />
		<Unit filename="../../../include/Gwen/Controls/Property/Text.h" />
		<Unit filename="../../../include/Gwen/Controls/RadioButton.h" />
		<Unit filename="../../../include/Gwen/Controls/RadioButtonController.h" />
		<Unit filename="../../../include/Gwen/Controls/Rectangle.h" />
		<Unit filename="../../../include/Gwen/Controls/ResizableControl.h" />
		<Unit filename="../../../include/Gwen/Controls/Resizer.h" />
		<Unit filename="../../../include/Gwen/Controls/RichLabel.h" />
		<Unit filename="../../../include/Gwen/Controls/ScrollBar.h" />
		<Unit filename="../../../include/Gwen/Controls/ScrollBarBar.h" />
		<Unit filename="../../../include/Gwen/Controls/ScrollBarButton.h" />
		<Unit filename="../../../include/Gwen/Controls/ScrollControl.h" />
		<Unit filename="../../../include/Gwen/Controls/Slider.h" />
		<Unit filename="../../../include/Gwen/Controls/SplitterBar.h" />
		<Unit filename="../../../include/Gwen/Controls/Splitters.h" />
		<Unit filename="../../../include/Gwen/Controls/StatusBar.h" />
		<Unit filename="../../../include/Gwen/Controls/TabButton.h" />
		<Unit filename="../../../include/Gwen/Controls/TabControl.h" />
		<Unit filename="../../../include/Gwen/Controls/TabStrip.h" />
		<Unit filename="../../../include/Gwen/Controls/TabTitleBar.h" />
		<Unit filename="../../../include/Gwen/Controls/Text.h" />
		<Unit filename="../../../include/Gwen/Controls/TextBox.h" />
		<Unit filename="../../../include/Gwen/Controls/ToolBar.h" />
		<Unit filename="../../../include/Gwen/Controls/TreeControl.h" />
		<Unit filename="../../../include/Gwen/Controls/TreeNode.h" />
		<Unit filename="../../../include/Gwen/Controls/VerticalScrollBar.h" />
		<Unit filename="../../../include/Gwen/Controls/VerticalSlider.h" />
		<Unit filename="../../../include/Gwen/Controls/WindowButtons.h" />
		<Unit filename="../../../include/Gwen/Controls/WindowCanvas.h" />
		<Unit filename="../../../include/Gwen/Controls/WindowControl.h" />
		<Unit filename="../../../include/Gwen/DragAndDrop.h" />
		<Unit filename="../../../include/Gwen/Events.h" />
		<Unit filename="../../../include/Gwen/Exports.h" />
		<Unit filename="../../../include/Gwen/Font.h" />
		<Unit filename="../../../include/Gwen/Gwen.h" />
		<Unit filename="../../../include/Gwen/Hook.h" />
		<Unit filename="../../../include/Gwen/InputHandler.h" />
		<Unit filename="../../../include/Gwen/Input/Allegro.h" />
		<Unit filename="../../../include/Gwen/Input/SDL13.h" />
		<Unit filename="../../../include/Gwen/Input/SFML.h" />
		<Unit filename="../../../include/Gwen/Input/Windows.h" />
		<Unit filename="../../../include/Gwen/Macros.h" />
		<Unit filename="../../../include/Gwen/Platform.h" />
		<Unit filename="../../../include/Gwen/Renderers/Allegro.h" />
		<Unit filename="../../../include/Gwen/Renderers/Direct2D.h" />
		<Unit filename="../../../include/Gwen/Renderers/DirectX9.h" />
		<Unit filename="../../../include/Gwen/Renderers/GDIPlus.h" />
		<Unit filename="../../../include/Gwen/Renderers/OpenGL.h" />
		<Unit filename="../../../include/Gwen/Renderers/OpenGL_DebugFont.h" />
		<Unit filename="../../../include/Gwen/Renderers/SFML.h" />
		<Unit filename="../../../include/Gwen/Skin.h" />
		<Unit filename="../../../include/Gwen/Skins/Simple.h" />
		<Unit filename="../../../include/Gwen/Skins/TexturedBase.h" />
		<Unit filename="../../../include/Gwen/Skins/Texturing.h" />
		<Unit filename="../../../include/Gwen/Structures.h" />
		<Unit filename="../../../include/Gwen/TextObject.h" />
		<Unit filename="../../../include/Gwen/Texture.h" />
		<Unit filename="../../../include/Gwen/ToolTip.h" />
		<Unit filename="../../../include/Gwen/UnitTest/UnitTest.h" />
		<Unit filename="../../../include/Gwen/UserData.h" />
		<Unit filename="../../../include/Gwen/Util/ControlFactory.h" />
		<Unit filename="../../../include/Gwen/Util/ImportExport.h" />
		<Unit filename="../../../include/Gwen/Utility.h" />
		<Unit filename="../../../include/Gwen/WindowProvider.h" />
		<Unit filename="../../../src/Anim.cpp" />
		<Unit filename="../../../src/BaseRender.cpp" />
		<Unit filename="../../../src/ControlList.cpp" />
		<Unit filename="../../../src/Controls/Base.cpp" />
		<Unit filename="../../../src/Controls/Button.cpp" />
		<Unit filename="../../../src/Controls/Canvas.cpp" />
		<Unit filename="../../../src/Controls/CheckBox.cpp" />
		<Unit filename="../../../src/Controls/CollapsibleCategory.cpp" />
		<Unit filename="../../../src/Controls/ColorControls.cpp" />
		<Unit filename="../../../src/Controls/ColorPicker.cpp" />
		<Unit filename="../../../src/Controls/ComboBox.cpp" />
		<Unit filename="../../../src/Controls/CrossSplitter.cpp" />
		<Unit filename="../../../src/Controls/Dialog/FileOpen.cpp" />
		<Unit filename="../../../src/Controls/Dialog/FileSave.cpp" />
		<Unit filename="../../../src/Controls/Dialog/FolderOpen.cpp" />
		<Unit filename="../../../src/Controls/Dialog/Query.cpp" />
		<Unit filename="../../../src/Controls/DockBase.cpp" />
		<Unit filename="../../../src/Controls/DockedTabControl.cpp" />
		<Unit filename="../../../src/Controls/Dragger.cpp" />
		<Unit filename="../../../src/Controls/GroupBox.cpp" />
		<Unit filename="../../../src/Controls/HSVColorPicker.cpp" />
		<Unit filename="../../../src/Controls/HorizontalScrollBar.cpp" />
		<Unit filename="../../../src/Controls/HorizontalSlider.cpp" />
		<Unit filename="../../../src/Controls/ImagePanel.cpp" />
		<Unit filename="../../../src/Controls/Label.cpp" />
		<Unit filename="../../../src/Controls/LabelClickable.cpp" />
		<Unit filename="../../../src/Controls/ListBox.cpp" />
		<Unit filename="../../../src/Controls/Menu.cpp" />
		<Unit filename="../../../src/Controls/MenuItem.cpp" />
		<Unit filename="../../../src/Controls/MenuStrip.cpp" />
		<Unit filename="../../../src/Controls/NumericUpDown.cpp" />
		<Unit filename="../../../src/Controls/PageControl.cpp" />
		<Unit filename="../../../src/Controls/ProgressBar.cpp" />
		<Unit filename="../../../src/Controls/Properties.cpp" />
		<Unit filename="../../../src/Controls/PropertyTree.cpp" />
		<Unit filename="../../../src/Controls/RadioButton.cpp" />
		<Unit filename="../../../src/Controls/RadioButtonController.cpp" />
		<Unit filename="../../../src/Controls/Rectangle.cpp" />
		<Unit filename="../../../src/Controls/ResizableControl.cpp" />
		<Unit filename="../../../src/Controls/Resizer.cpp" />
		<Unit filename="../../../src/Controls/RichLabel.cpp" />
		<Unit filename="../../../src/Controls/ScrollBar.cpp" />
		<Unit filename="../../../src/Controls/ScrollBarBar.cpp" />
		<Unit filename="../../../src/Controls/ScrollBarButton.cpp" />
		<Unit filename="../../../src/Controls/ScrollControl.cpp" />
		<Unit filename="../../../src/Controls/Slider.cpp" />
		<Unit filename="../../../src/Controls/SplitterBar.cpp" />
		<Unit filename="../../../src/Controls/TabButton.cpp" />
		<Unit filename="../../../src/Controls/TabControl.cpp" />
		<Unit filename="../../../src/Controls/TabStrip.cpp" />
		<Unit filename="../../../src/Controls/Text.cpp" />
		<Unit filename="../../../src/Controls/TextBox.cpp" />
		<Unit filename="../../../src/Controls/TextBoxNumeric.cpp" />
		<Unit filename="../../../src/Controls/TreeControl.cpp" />
		<Unit filename="../../../src/Controls/TreeNode.cpp" />
		<Unit filename="../../../src/Controls/VerticalScrollBar.cpp" />
		<Unit filename="../../../src/Controls/VerticalSlider.cpp" />
		<Unit filename="../../../src/Controls/WindowCanvas.cpp" />
		<Unit filename="../../../src/Controls/WindowControl.cpp" />
		<Unit filename="../../../src/DragAndDrop.cpp" />
		<Unit filename="../../../src/Gwen.cpp" />
		<Unit filename="../../../src/Hook.cpp" />
		<Unit filename="../../../src/Platforms/Null.cpp" />
		<Unit filename="../../../src/Platforms/Windows.cpp" />
		<Unit filename="../../../src/Skin.cpp" />
		<Unit filename="../../../src/ToolTip.cpp" />
		<Unit filename="../../../src/Utility.cpp" />
		<Unit filename="../../../src/events.cpp" />
		<Unit filename="../../../src/inputhandler.cpp" />
		<Extensions>
			<code_completion />
			<envvars />
			<debugger />
		</Extensions>
	</Project>
</CodeBlocks_project_file>
